// !$*UTF8*$!
{
	archiveVersion = 1;
	classes = {
	};
	objectVersion = 56;
	objects = {

/* Begin PBXBuildFile section */
		A77F6579B126B1E68EA19030 /* Pods_Articles.framework in Frameworks */ = {isa = PBXBuildFile; fileRef = FFCA700B4C52AEF7F0FB37FD /* Pods_Articles.framework */; };
		C454394C2CCFECDB0042650C /* Assets.xcassets in Resources */ = {isa = PBXBuildFile; fileRef = C4A088D02CCFD0C400256C39 /* Assets.xcassets */; };
		C4A088C82CCFD0C200256C39 /* AppDelegate.swift in Sources */ = {isa = PBXBuildFile; fileRef = C4A088C72CCFD0C200256C39 /* AppDelegate.swift */; };
		C4A088CA2CCFD0C200256C39 /* SceneDelegate.swift in Sources */ = {isa = PBXBuildFile; fileRef = C4A088C92CCFD0C200256C39 /* SceneDelegate.swift */; };
		C4A088CC2CCFD0C200256C39 /* ArticlesListVC.swift in Sources */ = {isa = PBXBuildFile; fileRef = C4A088CB2CCFD0C200256C39 /* ArticlesListVC.swift */; };
		C4A088CF2CCFD0C200256C39 /* Base in Resources */ = {isa = PBXBuildFile; fileRef = C4A088CE2CCFD0C200256C39 /* Base */; };
		C4A088D42CCFD0C400256C39 /* Base in Resources */ = {isa = PBXBuildFile; fileRef = C4A088D32CCFD0C400256C39 /* Base */; };
		C4A088FA2CCFD65C00256C39 /* LICENSE.txt in Resources */ = {isa = PBXBuildFile; fileRef = C4A088EC2CCFD65C00256C39 /* LICENSE.txt */; };
		C4A088FB2CCFD65C00256C39 /* Roboto-Black.ttf in Resources */ = {isa = PBXBuildFile; fileRef = C4A088ED2CCFD65C00256C39 /* Roboto-Black.ttf */; };
		C4A088FC2CCFD65C00256C39 /* Roboto-BlackItalic.ttf in Resources */ = {isa = PBXBuildFile; fileRef = C4A088EE2CCFD65C00256C39 /* Roboto-BlackItalic.ttf */; };
		C4A088FD2CCFD65C00256C39 /* Roboto-Bold.ttf in Resources */ = {isa = PBXBuildFile; fileRef = C4A088EF2CCFD65C00256C39 /* Roboto-Bold.ttf */; };
		C4A088FE2CCFD65C00256C39 /* Roboto-BoldItalic.ttf in Resources */ = {isa = PBXBuildFile; fileRef = C4A088F02CCFD65C00256C39 /* Roboto-BoldItalic.ttf */; };
		C4A088FF2CCFD65C00256C39 /* Roboto-Italic.ttf in Resources */ = {isa = PBXBuildFile; fileRef = C4A088F12CCFD65C00256C39 /* Roboto-Italic.ttf */; };
		C4A089002CCFD65C00256C39 /* Roboto-Light.ttf in Resources */ = {isa = PBXBuildFile; fileRef = C4A088F22CCFD65C00256C39 /* Roboto-Light.ttf */; };
		C4A089012CCFD65C00256C39 /* Roboto-LightItalic.ttf in Resources */ = {isa = PBXBuildFile; fileRef = C4A088F32CCFD65C00256C39 /* Roboto-LightItalic.ttf */; };
		C4A089022CCFD65C00256C39 /* Roboto-Medium.ttf in Resources */ = {isa = PBXBuildFile; fileRef = C4A088F42CCFD65C00256C39 /* Roboto-Medium.ttf */; };
		C4A089032CCFD65C00256C39 /* Roboto-MediumItalic.ttf in Resources */ = {isa = PBXBuildFile; fileRef = C4A088F52CCFD65C00256C39 /* Roboto-MediumItalic.ttf */; };
		C4A089042CCFD65C00256C39 /* Roboto-Regular.ttf in Resources */ = {isa = PBXBuildFile; fileRef = C4A088F62CCFD65C00256C39 /* Roboto-Regular.ttf */; };
		C4A089052CCFD65C00256C39 /* Roboto-Thin.ttf in Resources */ = {isa = PBXBuildFile; fileRef = C4A088F72CCFD65C00256C39 /* Roboto-Thin.ttf */; };
		C4A089062CCFD65C00256C39 /* Roboto-ThinItalic.ttf in Resources */ = {isa = PBXBuildFile; fileRef = C4A088F82CCFD65C00256C39 /* Roboto-ThinItalic.ttf */; };
		C4AB210E2CCFF7BA00511605 /* ArticlesListCell.swift in Sources */ = {isa = PBXBuildFile; fileRef = C4AB210C2CCFF7BA00511605 /* ArticlesListCell.swift */; };
		C4AB210F2CCFF7BA00511605 /* ArticlesListCell.xib in Resources */ = {isa = PBXBuildFile; fileRef = C4AB210D2CCFF7BA00511605 /* ArticlesListCell.xib */; };
		C4AB21132CCFFB3000511605 /* UIView+Extensions.swift in Sources */ = {isa = PBXBuildFile; fileRef = C4AB21122CCFFB3000511605 /* UIView+Extensions.swift */; };
		C4AF727E2CD0285B00762041 /* File.swift in Sources */ = {isa = PBXBuildFile; fileRef = C4AF727D2CD0285B00762041 /* File.swift */; };
		C4B8C2B42CD0E37700926E21 /* ArticleListModel.swift in Sources */ = {isa = PBXBuildFile; fileRef = C4B8C2B32CD0E37700926E21 /* ArticleListModel.swift */; };
		C4B8C2B62CD1047700926E21 /* ArticleDetailsVC.swift in Sources */ = {isa = PBXBuildFile; fileRef = C4B8C2B52CD1047700926E21 /* ArticleDetailsVC.swift */; };
/* End PBXBuildFile section */

/* Begin PBXFileReference section */
		2C36999DF0407C931C25CCFF /* Pods-Articles.debug.xcconfig */ = {isa = PBXFileReference; includeInIndex = 1; lastKnownFileType = text.xcconfig; name = "Pods-Articles.debug.xcconfig"; path = "Target Support Files/Pods-Articles/Pods-Articles.debug.xcconfig"; sourceTree = "<group>"; };
		746C17F5450107A3C73CB017 /* Pods-Articles.release.xcconfig */ = {isa = PBXFileReference; includeInIndex = 1; lastKnownFileType = text.xcconfig; name = "Pods-Articles.release.xcconfig"; path = "Target Support Files/Pods-Articles/Pods-Articles.release.xcconfig"; sourceTree = "<group>"; };
		C4A088C42CCFD0C200256C39 /* Articles.app */ = {isa = PBXFileReference; explicitFileType = wrapper.application; includeInIndex = 0; path = Articles.app; sourceTree = BUILT_PRODUCTS_DIR; };
		C4A088C72CCFD0C200256C39 /* AppDelegate.swift */ = {isa = PBXFileReference; lastKnownFileType = sourcecode.swift; path = AppDelegate.swift; sourceTree = "<group>"; };
		C4A088C92CCFD0C200256C39 /* SceneDelegate.swift */ = {isa = PBXFileReference; lastKnownFileType = sourcecode.swift; path = SceneDelegate.swift; sourceTree = "<group>"; };
		C4A088CB2CCFD0C200256C39 /* ArticlesListVC.swift */ = {isa = PBXFileReference; lastKnownFileType = sourcecode.swift; path = ArticlesListVC.swift; sourceTree = "<group>"; };
		C4A088CE2CCFD0C200256C39 /* Base */ = {isa = PBXFileReference; lastKnownFileType = file.storyboard; name = Base; path = Base.lproj/Main.storyboard; sourceTree = "<group>"; };
		C4A088D02CCFD0C400256C39 /* Assets.xcassets */ = {isa = PBXFileReference; lastKnownFileType = folder.assetcatalog; path = Assets.xcassets; sourceTree = "<group>"; };
		C4A088D32CCFD0C400256C39 /* Base */ = {isa = PBXFileReference; lastKnownFileType = file.storyboard; name = Base; path = Base.lproj/LaunchScreen.storyboard; sourceTree = "<group>"; };
		C4A088D52CCFD0C400256C39 /* Info.plist */ = {isa = PBXFileReference; lastKnownFileType = text.plist.xml; path = Info.plist; sourceTree = "<group>"; };
		C4A088EC2CCFD65C00256C39 /* LICENSE.txt */ = {isa = PBXFileReference; fileEncoding = 4; lastKnownFileType = text; path = LICENSE.txt; sourceTree = "<group>"; };
		C4A088ED2CCFD65C00256C39 /* Roboto-Black.ttf */ = {isa = PBXFileReference; lastKnownFileType = file; path = "Roboto-Black.ttf"; sourceTree = "<group>"; };
		C4A088EE2CCFD65C00256C39 /* Roboto-BlackItalic.ttf */ = {isa = PBXFileReference; lastKnownFileType = file; path = "Roboto-BlackItalic.ttf"; sourceTree = "<group>"; };
		C4A088EF2CCFD65C00256C39 /* Roboto-Bold.ttf */ = {isa = PBXFileReference; lastKnownFileType = file; path = "Roboto-Bold.ttf"; sourceTree = "<group>"; };
		C4A088F02CCFD65C00256C39 /* Roboto-BoldItalic.ttf */ = {isa = PBXFileReference; lastKnownFileType = file; path = "Roboto-BoldItalic.ttf"; sourceTree = "<group>"; };
		C4A088F12CCFD65C00256C39 /* Roboto-Italic.ttf */ = {isa = PBXFileReference; lastKnownFileType = file; path = "Roboto-Italic.ttf"; sourceTree = "<group>"; };
		C4A088F22CCFD65C00256C39 /* Roboto-Light.ttf */ = {isa = PBXFileReference; lastKnownFileType = file; path = "Roboto-Light.ttf"; sourceTree = "<group>"; };
		C4A088F32CCFD65C00256C39 /* Roboto-LightItalic.ttf */ = {isa = PBXFileReference; lastKnownFileType = file; path = "Roboto-LightItalic.ttf"; sourceTree = "<group>"; };
		C4A088F42CCFD65C00256C39 /* Roboto-Medium.ttf */ = {isa = PBXFileReference; lastKnownFileType = file; path = "Roboto-Medium.ttf"; sourceTree = "<group>"; };
		C4A088F52CCFD65C00256C39 /* Roboto-MediumItalic.ttf */ = {isa = PBXFileReference; lastKnownFileType = file; path = "Roboto-MediumItalic.ttf"; sourceTree = "<group>"; };
		C4A088F62CCFD65C00256C39 /* Roboto-Regular.ttf */ = {isa = PBXFileReference; lastKnownFileType = file; path = "Roboto-Regular.ttf"; sourceTree = "<group>"; };
		C4A088F72CCFD65C00256C39 /* Roboto-Thin.ttf */ = {isa = PBXFileReference; lastKnownFileType = file; path = "Roboto-Thin.ttf"; sourceTree = "<group>"; };
		C4A088F82CCFD65C00256C39 /* Roboto-ThinItalic.ttf */ = {isa = PBXFileReference; lastKnownFileType = file; path = "Roboto-ThinItalic.ttf"; sourceTree = "<group>"; };
		C4AB20E92CCFF4DE00511605 /* Alamofire.framework */ = {isa = PBXFileReference; explicitFileType = wrapper.framework; path = Alamofire.framework; sourceTree = BUILT_PRODUCTS_DIR; };
		C4AB210C2CCFF7BA00511605 /* ArticlesListCell.swift */ = {isa = PBXFileReference; lastKnownFileType = sourcecode.swift; path = ArticlesListCell.swift; sourceTree = "<group>"; };
		C4AB210D2CCFF7BA00511605 /* ArticlesListCell.xib */ = {isa = PBXFileReference; lastKnownFileType = file.xib; path = ArticlesListCell.xib; sourceTree = "<group>"; };
		C4AB21122CCFFB3000511605 /* UIView+Extensions.swift */ = {isa = PBXFileReference; lastKnownFileType = sourcecode.swift; path = "UIView+Extensions.swift"; sourceTree = "<group>"; };
		C4AF727D2CD0285B00762041 /* File.swift */ = {isa = PBXFileReference; lastKnownFileType = sourcecode.swift; path = File.swift; sourceTree = "<group>"; };
		C4B8C2B32CD0E37700926E21 /* ArticleListModel.swift */ = {isa = PBXFileReference; lastKnownFileType = sourcecode.swift; path = ArticleListModel.swift; sourceTree = "<group>"; };
		C4B8C2B52CD1047700926E21 /* ArticleDetailsVC.swift */ = {isa = PBXFileReference; lastKnownFileType = sourcecode.swift; path = ArticleDetailsVC.swift; sourceTree = "<group>"; };
		FFCA700B4C52AEF7F0FB37FD /* Pods_Articles.framework */ = {isa = PBXFileReference; explicitFileType = wrapper.framework; includeInIndex = 0; path = Pods_Articles.framework; sourceTree = BUILT_PRODUCTS_DIR; };
/* End PBXFileReference section */

/* Begin PBXFrameworksBuildPhase section */
		C4A088C12CCFD0C200256C39 /* Frameworks */ = {
			isa = PBXFrameworksBuildPhase;
			buildActionMask = 2147483647;
			files = (
				A77F6579B126B1E68EA19030 /* Pods_Articles.framework in Frameworks */,
			);
			runOnlyForDeploymentPostprocessing = 0;
		};
/* End PBXFrameworksBuildPhase section */

/* Begin PBXGroup section */
		1D6CA459089B7C818B9C32A8 /* Pods */ = {
			isa = PBXGroup;
			children = (
				2C36999DF0407C931C25CCFF /* Pods-Articles.debug.xcconfig */,
				746C17F5450107A3C73CB017 /* Pods-Articles.release.xcconfig */,
			);
			path = Pods;
			sourceTree = "<group>";
		};
		4178EE2B9DBDCD259F106F4A /* Frameworks */ = {
			isa = PBXGroup;
			children = (
				C4AB20E92CCFF4DE00511605 /* Alamofire.framework */,
				FFCA700B4C52AEF7F0FB37FD /* Pods_Articles.framework */,
			);
			name = Frameworks;
			sourceTree = "<group>";
		};
		C4A088BB2CCFD0C200256C39 = {
			isa = PBXGroup;
			children = (
				C4A088C62CCFD0C200256C39 /* Articles */,
				C4A088C52CCFD0C200256C39 /* Products */,
				1D6CA459089B7C818B9C32A8 /* Pods */,
				4178EE2B9DBDCD259F106F4A /* Frameworks */,
			);
			sourceTree = "<group>";
		};
		C4A088C52CCFD0C200256C39 /* Products */ = {
			isa = PBXGroup;
			children = (
				C4A088C42CCFD0C200256C39 /* Articles.app */,
			);
			name = Products;
			sourceTree = "<group>";
		};
		C4A088C62CCFD0C200256C39 /* Articles */ = {
			isa = PBXGroup;
			children = (
				C4A088DB2CCFD1E400256C39 /* Models */,
				C4A088DC2CCFD20D00256C39 /* Provider */,
				C4A088E02CCFD36E00256C39 /* Externals */,
				C4A088DE2CCFD32800256C39 /* Managers */,
				C4A088DF2CCFD34100256C39 /* View Controllers */,
				C4AB21112CCFFB0300511605 /* Extensions */,
				C4A088EA2CCFD64600256C39 /* Assets */,
				C4A088C72CCFD0C200256C39 /* AppDelegate.swift */,
				C4A088C92CCFD0C200256C39 /* SceneDelegate.swift */,
				C4A088CD2CCFD0C200256C39 /* Main.storyboard */,
				C4A088D22CCFD0C400256C39 /* LaunchScreen.storyboard */,
				C4A088D02CCFD0C400256C39 /* Assets.xcassets */,
				C4A088D52CCFD0C400256C39 /* Info.plist */,
			);
			path = Articles;
			sourceTree = "<group>";
		};
		C4A088DB2CCFD1E400256C39 /* Models */ = {
			isa = PBXGroup;
			children = (
				C4A088E22CCFD44000256C39 /* Models */,
				C4A088E12CCFD43200256C39 /* Provider Protocols */,
			);
			path = Models;
			sourceTree = "<group>";
		};
		C4A088DC2CCFD20D00256C39 /* Provider */ = {
			isa = PBXGroup;
			children = (
				C4A088E32CCFD44D00256C39 /* Client */,
				C4A088E42CCFD45500256C39 /* Core */,
			);
			path = Provider;
			sourceTree = "<group>";
		};
		C4A088DE2CCFD32800256C39 /* Managers */ = {
			isa = PBXGroup;
			children = (
				C4A088E52CCFD48200256C39 /* Client */,
				C4A088E62CCFD48700256C39 /* Core */,
			);
			path = Managers;
			sourceTree = "<group>";
		};
		C4A088DF2CCFD34100256C39 /* View Controllers */ = {
			isa = PBXGroup;
			children = (
				C4A088E72CCFD4B900256C39 /* Client */,
				C4A088E82CCFD4C400256C39 /* Core */,
			);
			path = "View Controllers";
			sourceTree = "<group>";
		};
		C4A088E02CCFD36E00256C39 /* Externals */ = {
			isa = PBXGroup;
			children = (
			);
			path = Externals;
			sourceTree = "<group>";
		};
		C4A088E12CCFD43200256C39 /* Provider Protocols */ = {
			isa = PBXGroup;
			children = (
			);
			path = "Provider Protocols";
			sourceTree = "<group>";
		};
		C4A088E22CCFD44000256C39 /* Models */ = {
			isa = PBXGroup;
			children = (
				C4B8C2B32CD0E37700926E21 /* ArticleListModel.swift */,
			);
			path = Models;
			sourceTree = "<group>";
		};
		C4A088E32CCFD44D00256C39 /* Client */ = {
			isa = PBXGroup;
			children = (
			);
			path = Client;
			sourceTree = "<group>";
		};
		C4A088E42CCFD45500256C39 /* Core */ = {
			isa = PBXGroup;
			children = (
				C4AF727D2CD0285B00762041 /* File.swift */,
			);
			path = Core;
			sourceTree = "<group>";
		};
		C4A088E52CCFD48200256C39 /* Client */ = {
			isa = PBXGroup;
			children = (
			);
			path = Client;
			sourceTree = "<group>";
		};
		C4A088E62CCFD48700256C39 /* Core */ = {
			isa = PBXGroup;
			children = (
			);
			path = Core;
			sourceTree = "<group>";
		};
		C4A088E72CCFD4B900256C39 /* Client */ = {
			isa = PBXGroup;
			children = (
			);
			path = Client;
			sourceTree = "<group>";
		};
		C4A088E82CCFD4C400256C39 /* Core */ = {
			isa = PBXGroup;
			children = (
				C4AB21102CCFF7CC00511605 /* Controller */,
				C4AB210B2CCFF78D00511605 /* Cells */,
			);
			path = Core;
			sourceTree = "<group>";
		};
		C4A088EA2CCFD64600256C39 /* Assets */ = {
			isa = PBXGroup;
			children = (
				C4A088EB2CCFD65000256C39 /* Fonts */,
			);
			path = Assets;
			sourceTree = "<group>";
		};
		C4A088EB2CCFD65000256C39 /* Fonts */ = {
			isa = PBXGroup;
			children = (
				C4A088F92CCFD65C00256C39 /* Roboto */,
			);
			path = Fonts;
			sourceTree = "<group>";
		};
		C4A088F92CCFD65C00256C39 /* Roboto */ = {
			isa = PBXGroup;
			children = (
				C4A088EC2CCFD65C00256C39 /* LICENSE.txt */,
				C4A088ED2CCFD65C00256C39 /* Roboto-Black.ttf */,
				C4A088EE2CCFD65C00256C39 /* Roboto-BlackItalic.ttf */,
				C4A088EF2CCFD65C00256C39 /* Roboto-Bold.ttf */,
				C4A088F02CCFD65C00256C39 /* Roboto-BoldItalic.ttf */,
				C4A088F12CCFD65C00256C39 /* Roboto-Italic.ttf */,
				C4A088F22CCFD65C00256C39 /* Roboto-Light.ttf */,
				C4A088F32CCFD65C00256C39 /* Roboto-LightItalic.ttf */,
				C4A088F42CCFD65C00256C39 /* Roboto-Medium.ttf */,
				C4A088F52CCFD65C00256C39 /* Roboto-MediumItalic.ttf */,
				C4A088F62CCFD65C00256C39 /* Roboto-Regular.ttf */,
				C4A088F72CCFD65C00256C39 /* Roboto-Thin.ttf */,
				C4A088F82CCFD65C00256C39 /* Roboto-ThinItalic.ttf */,
			);
			path = Roboto;
			sourceTree = "<group>";
		};
		C4AB210B2CCFF78D00511605 /* Cells */ = {
			isa = PBXGroup;
			children = (
				C4AB210C2CCFF7BA00511605 /* ArticlesListCell.swift */,
				C4AB210D2CCFF7BA00511605 /* ArticlesListCell.xib */,
			);
			path = Cells;
			sourceTree = "<group>";
		};
		C4AB21102CCFF7CC00511605 /* Controller */ = {
			isa = PBXGroup;
			children = (
				C4A088CB2CCFD0C200256C39 /* ArticlesListVC.swift */,
				C4B8C2B52CD1047700926E21 /* ArticleDetailsVC.swift */,
			);
			path = Controller;
			sourceTree = "<group>";
		};
		C4AB21112CCFFB0300511605 /* Extensions */ = {
			isa = PBXGroup;
			children = (
				C4AB21122CCFFB3000511605 /* UIView+Extensions.swift */,
			);
			path = Extensions;
			sourceTree = "<group>";
		};
/* End PBXGroup section */

/* Begin PBXNativeTarget section */
		C4A088C32CCFD0C200256C39 /* Articles */ = {
			isa = PBXNativeTarget;
			buildConfigurationList = C4A088D82CCFD0C400256C39 /* Build configuration list for PBXNativeTarget "Articles" */;
			buildPhases = (
				6FFDC0BA014FD821F0893D36 /* [CP] Check Pods Manifest.lock */,
				C4A088C02CCFD0C200256C39 /* Sources */,
				C4A088C12CCFD0C200256C39 /* Frameworks */,
				C4A088C22CCFD0C200256C39 /* Resources */,
				BE2D8B5E77B3E83E6A741FDF /* [CP] Embed Pods Frameworks */,
			);
			buildRules = (
			);
			dependencies = (
			);
			name = Articles;
			productName = Articles;
			productReference = C4A088C42CCFD0C200256C39 /* Articles.app */;
			productType = "com.apple.product-type.application";
		};
/* End PBXNativeTarget section */

/* Begin PBXProject section */
		C4A088BC2CCFD0C200256C39 /* Project object */ = {
			isa = PBXProject;
			attributes = {
				BuildIndependentTargetsInParallel = 1;
				LastSwiftUpdateCheck = 1540;
				LastUpgradeCheck = 1540;
				TargetAttributes = {
					C4A088C32CCFD0C200256C39 = {
						CreatedOnToolsVersion = 15.4;
					};
				};
			};
			buildConfigurationList = C4A088BF2CCFD0C200256C39 /* Build configuration list for PBXProject "Articles" */;
			compatibilityVersion = "Xcode 14.0";
			developmentRegion = en;
			hasScannedForEncodings = 0;
			knownRegions = (
				en,
				Base,
			);
			mainGroup = C4A088BB2CCFD0C200256C39;
			productRefGroup = C4A088C52CCFD0C200256C39 /* Products */;
			projectDirPath = "";
			projectRoot = "";
			targets = (
				C4A088C32CCFD0C200256C39 /* Articles */,
			);
		};
/* End PBXProject section */

/* Begin PBXResourcesBuildPhase section */
		C4A088C22CCFD0C200256C39 /* Resources */ = {
			isa = PBXResourcesBuildPhase;
			buildActionMask = 2147483647;
			files = (
				C4A088FD2CCFD65C00256C39 /* Roboto-Bold.ttf in Resources */,
				C4A089012CCFD65C00256C39 /* Roboto-LightItalic.ttf in Resources */,
				C4A089032CCFD65C00256C39 /* Roboto-MediumItalic.ttf in Resources */,
				C4A088FF2CCFD65C00256C39 /* Roboto-Italic.ttf in Resources */,
				C4A089002CCFD65C00256C39 /* Roboto-Light.ttf in Resources */,
				C4A088FA2CCFD65C00256C39 /* LICENSE.txt in Resources */,
				C4A088FE2CCFD65C00256C39 /* Roboto-BoldItalic.ttf in Resources */,
				C4AB210F2CCFF7BA00511605 /* ArticlesListCell.xib in Resources */,
				C4A088FC2CCFD65C00256C39 /* Roboto-BlackItalic.ttf in Resources */,
				C4A089052CCFD65C00256C39 /* Roboto-Thin.ttf in Resources */,
				C4A089042CCFD65C00256C39 /* Roboto-Regular.ttf in Resources */,
				C4A089022CCFD65C00256C39 /* Roboto-Medium.ttf in Resources */,
				C4A089062CCFD65C00256C39 /* Roboto-ThinItalic.ttf in Resources */,
				C4A088FB2CCFD65C00256C39 /* Roboto-Black.ttf in Resources */,
				C4A088D42CCFD0C400256C39 /* Base in Resources */,
				C454394C2CCFECDB0042650C /* Assets.xcassets in Resources */,
				C4A088CF2CCFD0C200256C39 /* Base in Resources */,
			);
			runOnlyForDeploymentPostprocessing = 0;
		};
/* End PBXResourcesBuildPhase section */

/* Begin PBXShellScriptBuildPhase section */
		6FFDC0BA014FD821F0893D36 /* [CP] Check Pods Manifest.lock */ = {
			isa = PBXShellScriptBuildPhase;
			buildActionMask = 2147483647;
			files = (
			);
			inputFileListPaths = (
			);
			inputPaths = (
				"${PODS_PODFILE_DIR_PATH}/Podfile.lock",
				"${PODS_ROOT}/Manifest.lock",
			);
			name = "[CP] Check Pods Manifest.lock";
			outputFileListPaths = (
			);
			outputPaths = (
				"$(DERIVED_FILE_DIR)/Pods-Articles-checkManifestLockResult.txt",
			);
			runOnlyForDeploymentPostprocessing = 0;
			shellPath = /bin/sh;
			shellScript = "diff \"${PODS_PODFILE_DIR_PATH}/Podfile.lock\" \"${PODS_ROOT}/Manifest.lock\" > /dev/null\nif [ $? != 0 ] ; then\n    # print error to STDERR\n    echo \"error: The sandbox is not in sync with the Podfile.lock. Run 'pod install' or update your CocoaPods installation.\" >&2\n    exit 1\nfi\n# This output is used by Xcode 'outputs' to avoid re-running this script phase.\necho \"SUCCESS\" > \"${SCRIPT_OUTPUT_FILE_0}\"\n";
			showEnvVarsInLog = 0;
		};
		BE2D8B5E77B3E83E6A741FDF /* [CP] Embed Pods Frameworks */ = {
			isa = PBXShellScriptBuildPhase;
			buildActionMask = 2147483647;
			files = (
			);
			inputFileListPaths = (
				"${PODS_ROOT}/Target Support Files/Pods-Articles/Pods-Articles-frameworks-${CONFIGURATION}-input-files.xcfilelist",
			);
			name = "[CP] Embed Pods Frameworks";
			outputFileListPaths = (
				"${PODS_ROOT}/Target Support Files/Pods-Articles/Pods-Articles-frameworks-${CONFIGURATION}-output-files.xcfilelist",
			);
			runOnlyForDeploymentPostprocessing = 0;
			shellPath = /bin/sh;
			shellScript = "\"${PODS_ROOT}/Target Support Files/Pods-Articles/Pods-Articles-frameworks.sh\"\n";
			showEnvVarsInLog = 0;
		};
/* End PBXShellScriptBuildPhase section */

/* Begin PBXSourcesBuildPhase section */
		C4A088C02CCFD0C200256C39 /* Sources */ = {
			isa = PBXSourcesBuildPhase;
			buildActionMask = 2147483647;
			files = (
				C4AB210E2CCFF7BA00511605 /* ArticlesListCell.swift in Sources */,
				C4AF727E2CD0285B00762041 /* File.swift in Sources */,
				C4A088CC2CCFD0C200256C39 /* ArticlesListVC.swift in Sources */,
				C4AB21132CCFFB3000511605 /* UIView+Extensions.swift in Sources */,
				C4B8C2B62CD1047700926E21 /* ArticleDetailsVC.swift in Sources */,
				C4A088C82CCFD0C200256C39 /* AppDelegate.swift in Sources */,
				C4A088CA2CCFD0C200256C39 /* SceneDelegate.swift in Sources */,
				C4B8C2B42CD0E37700926E21 /* ArticleListModel.swift in Sources */,
			);
			runOnlyForDeploymentPostprocessing = 0;
		};
/* End PBXSourcesBuildPhase section */

/* Begin PBXVariantGroup section */
		C4A088CD2CCFD0C200256C39 /* Main.storyboard */ = {
			isa = PBXVariantGroup;
			children = (
				C4A088CE2CCFD0C200256C39 /* Base */,
			);
			name = Main.storyboard;
			sourceTree = "<group>";
		};
		C4A088D22CCFD0C400256C39 /* LaunchScreen.storyboard */ = {
			isa = PBXVariantGroup;
			children = (
				C4A088D32CCFD0C400256C39 /* Base */,
			);
			name = LaunchScreen.storyboard;
			sourceTree = "<group>";
		};
/* End PBXVariantGroup section */

/* Begin XCBuildConfiguration section */
		C4A088D62CCFD0C400256C39 /* Debug */ = {
			isa = XCBuildConfiguration;
			buildSettings = {
				ALWAYS_SEARCH_USER_PATHS = NO;
				ASSETCATALOG_COMPILER_GENERATE_SWIFT_ASSET_SYMBOL_EXTENSIONS = YES;
				CLANG_ANALYZER_NONNULL = YES;
				CLANG_ANALYZER_NUMBER_OBJECT_CONVERSION = YES_AGGRESSIVE;
				CLANG_CXX_LANGUAGE_STANDARD = "gnu++20";
				CLANG_ENABLE_MODULES = YES;
				CLANG_ENABLE_OBJC_ARC = YES;
				CLANG_ENABLE_OBJC_WEAK = YES;
				CLANG_WARN_BLOCK_CAPTURE_AUTORELEASING = YES;
				CLANG_WARN_BOOL_CONVERSION = YES;
				CLANG_WARN_COMMA = YES;
				CLANG_WARN_CONSTANT_CONVERSION = YES;
				CLANG_WARN_DEPRECATED_OBJC_IMPLEMENTATIONS = YES;
				CLANG_WARN_DIRECT_OBJC_ISA_USAGE = YES_ERROR;
				CLANG_WARN_DOCUMENTATION_COMMENTS = YES;
				CLANG_WARN_EMPTY_BODY = YES;
				CLANG_WARN_ENUM_CONVERSION = YES;
				CLANG_WARN_INFINITE_RECURSION = YES;
				CLANG_WARN_INT_CONVERSION = YES;
				CLANG_WARN_NON_LITERAL_NULL_CONVERSION = YES;
				CLANG_WARN_OBJC_IMPLICIT_RETAIN_SELF = YES;
				CLANG_WARN_OBJC_LITERAL_CONVERSION = YES;
				CLANG_WARN_OBJC_ROOT_CLASS = YES_ERROR;
				CLANG_WARN_QUOTED_INCLUDE_IN_FRAMEWORK_HEADER = YES;
				CLANG_WARN_RANGE_LOOP_ANALYSIS = YES;
				CLANG_WARN_STRICT_PROTOTYPES = YES;
				CLANG_WARN_SUSPICIOUS_MOVE = YES;
				CLANG_WARN_UNGUARDED_AVAILABILITY = YES_AGGRESSIVE;
				CLANG_WARN_UNREACHABLE_CODE = YES;
				CLANG_WARN__DUPLICATE_METHOD_MATCH = YES;
				COPY_PHASE_STRIP = NO;
				DEBUG_INFORMATION_FORMAT = dwarf;
				ENABLE_STRICT_OBJC_MSGSEND = YES;
				ENABLE_TESTABILITY = YES;
				ENABLE_USER_SCRIPT_SANDBOXING = YES;
				GCC_C_LANGUAGE_STANDARD = gnu17;
				GCC_DYNAMIC_NO_PIC = NO;
				GCC_NO_COMMON_BLOCKS = YES;
				GCC_OPTIMIZATION_LEVEL = 0;
				GCC_PREPROCESSOR_DEFINITIONS = (
					"DEBUG=1",
					"$(inherited)",
				);
				GCC_WARN_64_TO_32_BIT_CONVERSION = YES;
				GCC_WARN_ABOUT_RETURN_TYPE = YES_ERROR;
				GCC_WARN_UNDECLARED_SELECTOR = YES;
				GCC_WARN_UNINITIALIZED_AUTOS = YES_AGGRESSIVE;
				GCC_WARN_UNUSED_FUNCTION = YES;
				GCC_WARN_UNUSED_VARIABLE = YES;
				IPHONEOS_DEPLOYMENT_TARGET = 17.5;
				LOCALIZATION_PREFERS_STRING_CATALOGS = YES;
				MTL_ENABLE_DEBUG_INFO = INCLUDE_SOURCE;
				MTL_FAST_MATH = YES;
				ONLY_ACTIVE_ARCH = YES;
				SDKROOT = iphoneos;
				SWIFT_ACTIVE_COMPILATION_CONDITIONS = "DEBUG $(inherited)";
				SWIFT_OPTIMIZATION_LEVEL = "-Onone";
			};
			name = Debug;
		};
		C4A088D72CCFD0C400256C39 /* Release */ = {
			isa = XCBuildConfiguration;
			buildSettings = {
				ALWAYS_SEARCH_USER_PATHS = NO;
				ASSETCATALOG_COMPILER_GENERATE_SWIFT_ASSET_SYMBOL_EXTENSIONS = YES;
				CLANG_ANALYZER_NONNULL = YES;
				CLANG_ANALYZER_NUMBER_OBJECT_CONVERSION = YES_AGGRESSIVE;
				CLANG_CXX_LANGUAGE_STANDARD = "gnu++20";
				CLANG_ENABLE_MODULES = YES;
				CLANG_ENABLE_OBJC_ARC = YES;
				CLANG_ENABLE_OBJC_WEAK = YES;
				CLANG_WARN_BLOCK_CAPTURE_AUTORELEASING = YES;
				CLANG_WARN_BOOL_CONVERSION = YES;
				CLANG_WARN_COMMA = YES;
				CLANG_WARN_CONSTANT_CONVERSION = YES;
				CLANG_WARN_DEPRECATED_OBJC_IMPLEMENTATIONS = YES;
				CLANG_WARN_DIRECT_OBJC_ISA_USAGE = YES_ERROR;
				CLANG_WARN_DOCUMENTATION_COMMENTS = YES;
				CLANG_WARN_EMPTY_BODY = YES;
				CLANG_WARN_ENUM_CONVERSION = YES;
				CLANG_WARN_INFINITE_RECURSION = YES;
				CLANG_WARN_INT_CONVERSION = YES;
				CLANG_WARN_NON_LITERAL_NULL_CONVERSION = YES;
				CLANG_WARN_OBJC_IMPLICIT_RETAIN_SELF = YES;
				CLANG_WARN_OBJC_LITERAL_CONVERSION = YES;
				CLANG_WARN_OBJC_ROOT_CLASS = YES_ERROR;
				CLANG_WARN_QUOTED_INCLUDE_IN_FRAMEWORK_HEADER = YES;
				CLANG_WARN_RANGE_LOOP_ANALYSIS = YES;
				CLANG_WARN_STRICT_PROTOTYPES = YES;
				CLANG_WARN_SUSPICIOUS_MOVE = YES;
				CLANG_WARN_UNGUARDED_AVAILABILITY = YES_AGGRESSIVE;
				CLANG_WARN_UNREACHABLE_CODE = YES;
				CLANG_WARN__DUPLICATE_METHOD_MATCH = YES;
				COPY_PHASE_STRIP = NO;
				DEBUG_INFORMATION_FORMAT = "dwarf-with-dsym";
				ENABLE_NS_ASSERTIONS = NO;
				ENABLE_STRICT_OBJC_MSGSEND = YES;
				ENABLE_USER_SCRIPT_SANDBOXING = YES;
				GCC_C_LANGUAGE_STANDARD = gnu17;
				GCC_NO_COMMON_BLOCKS = YES;
				GCC_WARN_64_TO_32_BIT_CONVERSION = YES;
				GCC_WARN_ABOUT_RETURN_TYPE = YES_ERROR;
				GCC_WARN_UNDECLARED_SELECTOR = YES;
				GCC_WARN_UNINITIALIZED_AUTOS = YES_AGGRESSIVE;
				GCC_WARN_UNUSED_FUNCTION = YES;
				GCC_WARN_UNUSED_VARIABLE = YES;
				IPHONEOS_DEPLOYMENT_TARGET = 17.5;
				LOCALIZATION_PREFERS_STRING_CATALOGS = YES;
				MTL_ENABLE_DEBUG_INFO = NO;
				MTL_FAST_MATH = YES;
				SDKROOT = iphoneos;
				SWIFT_COMPILATION_MODE = wholemodule;
				VALIDATE_PRODUCT = YES;
			};
			name = Release;
		};
		C4A088D92CCFD0C400256C39 /* Debug */ = {
			isa = XCBuildConfiguration;
			baseConfigurationReference = 2C36999DF0407C931C25CCFF /* Pods-Articles.debug.xcconfig */;
			buildSettings = {
				ASSETCATALOG_COMPILER_APPICON_NAME = AppIcon;
				ASSETCATALOG_COMPILER_GLOBAL_ACCENT_COLOR_NAME = AccentColor;
				CODE_SIGN_STYLE = Automatic;
				CURRENT_PROJECT_VERSION = 1;
				ENABLE_USER_SCRIPT_SANDBOXING = NO;
				GENERATE_INFOPLIST_FILE = YES;
				INFOPLIST_FILE = Articles/Info.plist;
				INFOPLIST_KEY_UIApplicationSupportsIndirectInputEvents = YES;
				INFOPLIST_KEY_UILaunchStoryboardName = LaunchScreen;
				INFOPLIST_KEY_UIMainStoryboardFile = Main;
				INFOPLIST_KEY_UISupportedInterfaceOrientations_iPad = "UIInterfaceOrientationPortrait UIInterfaceOrientationPortraitUpsideDown UIInterfaceOrientationLandscapeLeft UIInterfaceOrientationLandscapeRight";
				INFOPLIST_KEY_UISupportedInterfaceOrientations_iPhone = "UIInterfaceOrientationPortrait UIInterfaceOrientationLandscapeLeft UIInterfaceOrientationLandscapeRight";
				IPHONEOS_DEPLOYMENT_TARGET = 15.0;
				LD_RUNPATH_SEARCH_PATHS = (
					"$(inherited)",
					"@executable_path/Frameworks",
				);
				MARKETING_VERSION = 1.0;
				PRODUCT_BUNDLE_IDENTIFIER = com.Articles;
				PRODUCT_NAME = "$(TARGET_NAME)";
				SWIFT_EMIT_LOC_STRINGS = YES;
				SWIFT_VERSION = 5.0;
				TARGETED_DEVICE_FAMILY = "1,2";
			};
			name = Debug;
		};
		C4A088DA2CCFD0C400256C39 /* Release */ = {
			isa = XCBuildConfiguration;
			baseConfigurationReference = 746C17F5450107A3C73CB017 /* Pods-Articles.release.xcconfig */;
			buildSettings = {
				ASSETCATALOG_COMPILER_APPICON_NAME = AppIcon;
				ASSETCATALOG_COMPILER_GLOBAL_ACCENT_COLOR_NAME = AccentColor;
				CODE_SIGN_STYLE = Automatic;
				CURRENT_PROJECT_VERSION = 1;
				ENABLE_USER_SCRIPT_SANDBOXING = NO;
				GENERATE_INFOPLIST_FILE = YES;
				INFOPLIST_FILE = Articles/Info.plist;
				INFOPLIST_KEY_UIApplicationSupportsIndirectInputEvents = YES;
				INFOPLIST_KEY_UILaunchStoryboardName = LaunchScreen;
				INFOPLIST_KEY_UIMainStoryboardFile = Main;
				INFOPLIST_KEY_UISupportedInterfaceOrientations_iPad = "UIInterfaceOrientationPortrait UIInterfaceOrientationPortraitUpsideDown UIInterfaceOrientationLandscapeLeft UIInterfaceOrientationLandscapeRight";
				INFOPLIST_KEY_UISupportedInterfaceOrientations_iPhone = "UIInterfaceOrientationPortrait UIInterfaceOrientationLandscapeLeft UIInterfaceOrientationLandscapeRight";
				IPHONEOS_DEPLOYMENT_TARGET = 15.0;
				LD_RUNPATH_SEARCH_PATHS = (
					"$(inherited)",
					"@executable_path/Frameworks",
				);
				MARKETING_VERSION = 1.0;
				PRODUCT_BUNDLE_IDENTIFIER = com.Articles;
				PRODUCT_NAME = "$(TARGET_NAME)";
				SWIFT_EMIT_LOC_STRINGS = YES;
				SWIFT_VERSION = 5.0;
				TARGETED_DEVICE_FAMILY = "1,2";
			};
			name = Release;
		};
/* End XCBuildConfiguration section */

/* Begin XCConfigurationList section */
		C4A088BF2CCFD0C200256C39 /* Build configuration list for PBXProject "Articles" */ = {
			isa = XCConfigurationList;
			buildConfigurations = (
				C4A088D62CCFD0C400256C39 /* Debug */,
				C4A088D72CCFD0C400256C39 /* Release */,
			);
			defaultConfigurationIsVisible = 0;
			defaultConfigurationName = Release;
		};
		C4A088D82CCFD0C400256C39 /* Build configuration list for PBXNativeTarget "Articles" */ = {
			isa = XCConfigurationList;
			buildConfigurations = (
				C4A088D92CCFD0C400256C39 /* Debug */,
				C4A088DA2CCFD0C400256C39 /* Release */,
			);
			defaultConfigurationIsVisible = 0;
			defaultConfigurationName = Release;
		};
/* End XCConfigurationList section */
	};
	rootObject = C4A088BC2CCFD0C200256C39 /* Project object */;
}
